
Microsoft Visual Studio Solution File, Format Version 12.00
# Visual Studio 2012
Project("{FAE04EC0-301F-11D3-BF4B-00C04F79EFBC}") = "Capa_Datos", "Capa_Datos\Capa_Datos.csproj", "{E54FC3E8-A44B-4F78-A449-45F819DB6281}"
EndProject
Project("{FAE04EC0-301F-11D3-BF4B-00C04F79EFBC}") = "Capa_Entidades", "Capa_Entidades\Capa_Entidades.csproj", "{9C288B07-536D-4F46-8088-20F755081AB0}"
EndProject
Project("{FAE04EC0-301F-11D3-BF4B-00C04F79EFBC}") = "Capa_Negocios", "Capa_Negocios\Capa_Negocios.csproj", "{3D70DB3A-BBF2-4448-8FFA-530CEEDEAF56}"
EndProject
Project("{FAE04EC0-301F-11D3-BF4B-00C04F79EFBC}") = "Mantenimiento", "Mantenimiento\Mantenimiento.csproj", "{2D70837F-3D88-4BD0-B2A3-F37AFBADCB9F}"
EndProject
Global
	GlobalSection(SolutionConfigurationPlatforms) = preSolution
		Debug|Any CPU = Debug|Any CPU
		Release|Any CPU = Release|Any CPU
	EndGlobalSection
	GlobalSection(ProjectConfigurationPlatforms) = postSolution
		{E54FC3E8-A44B-4F78-A449-45F819DB6281}.Debug|Any CPU.ActiveCfg = Debug|Any CPU
		{E54FC3E8-A44B-4F78-A449-45F819DB6281}.Debug|Any CPU.Build.0 = Debug|Any CPU
		{E54FC3E8-A44B-4F78-A449-45F819DB6281}.Release|Any CPU.ActiveCfg = Release|Any CPU
		{E54FC3E8-A44B-4F78-A449-45F819DB6281}.Release|Any CPU.Build.0 = Release|Any CPU
		{9C288B07-536D-4F46-8088-20F755081AB0}.Debug|Any CPU.ActiveCfg = Debug|Any CPU
		{9C288B07-536D-4F46-8088-20F755081AB0}.Debug|Any CPU.Build.0 = Debug|Any CPU
		{9C288B07-536D-4F46-8088-20F755081AB0}.Release|Any CPU.ActiveCfg = Release|Any CPU
		{9C288B07-536D-4F46-8088-20F755081AB0}.Release|Any CPU.Build.0 = Release|Any CPU
		{3D70DB3A-BBF2-4448-8FFA-530CEEDEAF56}.Debug|Any CPU.ActiveCfg = Debug|Any CPU
		{3D70DB3A-BBF2-4448-8FFA-530CEEDEAF56}.Debug|Any CPU.Build.0 = Debug|Any CPU
		{3D70DB3A-BBF2-4448-8FFA-530CEEDEAF56}.Release|Any CPU.ActiveCfg = Release|Any CPU
		{3D70DB3A-BBF2-4448-8FFA-530CEEDEAF56}.Release|Any CPU.Build.0 = Release|Any CPU
		{2D70837F-3D88-4BD0-B2A3-F37AFBADCB9F}.Debug|Any CPU.ActiveCfg = Debug|Any CPU
		{2D70837F-3D88-4BD0-B2A3-F37AFBADCB9F}.Debug|Any CPU.Build.0 = Debug|Any CPU
		{2D70837F-3D88-4BD0-B2A3-F37AFBADCB9F}.Release|Any CPU.ActiveCfg = Release|Any CPU
		{2D70837F-3D88-4BD0-B2A3-F37AFBADCB9F}.Release|Any CPU.Build.0 = Release|Any CPU
	EndGlobalSection
	GlobalSection(SolutionProperties) = preSolution
		HideSolutionNode = FALSE
	EndGlobalSection
EndGlobal
